
Microsoft Visual Studio Solution File, Format Version 12.00
# Visual Studio Version 17
VisualStudioVersion = 17.3.32901.215
MinimumVisualStudioVersion = 10.0.40219.1
Project("{FAE04EC0-301F-11D3-BF4B-00C04F79EFBC}") = "ExercicioFixacao_TratamentoException", "ExercicioFixacao_TratamentoException\ExercicioFixacao_TratamentoException.csproj", "{ECD4F935-F853-43B5-A005-8A4E28A71B39}"
EndProject
Global
	GlobalSection(SolutionConfigurationPlatforms) = preSolution
		Debug|Any CPU = Debug|Any CPU
		Release|Any CPU = Release|Any CPU
	EndGlobalSection
	GlobalSection(ProjectConfigurationPlatforms) = postSolution
		{ECD4F935-F853-43B5-A005-8A4E28A71B39}.Debug|Any CPU.ActiveCfg = Debug|Any CPU
		{ECD4F935-F853-43B5-A005-8A4E28A71B39}.Debug|Any CPU.Build.0 = Debug|Any CPU
		{ECD4F935-F853-43B5-A005-8A4E28A71B39}.Release|Any CPU.ActiveCfg = Release|Any CPU
		{ECD4F935-F853-43B5-A005-8A4E28A71B39}.Release|Any CPU.Build.0 = Release|Any CPU
	EndGlobalSection
	GlobalSection(SolutionProperties) = preSolution
		HideSolutionNode = FALSE
	EndGlobalSection
	GlobalSection(ExtensibilityGlobals) = postSolution
		SolutionGuid = {F58EDDE0-C165-40B4-8A36-E5086AE9362E}
	EndGlobalSection
EndGlobal
