
Microsoft Visual Studio Solution File, Format Version 12.00
# Visual Studio Version 17
VisualStudioVersion = 17.3.32901.215
MinimumVisualStudioVersion = 10.0.40219.1
Project("{FAE04EC0-301F-11D3-BF4B-00C04F79EFBC}") = "ClassesAbstratas", "ClassesAbstratas\ClassesAbstratas.csproj", "{59F4A47E-8E6D-40FD-B3DD-A47788F8E41D}"
EndProject
Global
	GlobalSection(SolutionConfigurationPlatforms) = preSolution
		Debug|Any CPU = Debug|Any CPU
		Release|Any CPU = Release|Any CPU
	EndGlobalSection
	GlobalSection(ProjectConfigurationPlatforms) = postSolution
		{59F4A47E-8E6D-40FD-B3DD-A47788F8E41D}.Debug|Any CPU.ActiveCfg = Debug|Any CPU
		{59F4A47E-8E6D-40FD-B3DD-A47788F8E41D}.Debug|Any CPU.Build.0 = Debug|Any CPU
		{59F4A47E-8E6D-40FD-B3DD-A47788F8E41D}.Release|Any CPU.ActiveCfg = Release|Any CPU
		{59F4A47E-8E6D-40FD-B3DD-A47788F8E41D}.Release|Any CPU.Build.0 = Release|Any CPU
	EndGlobalSection
	GlobalSection(SolutionProperties) = preSolution
		HideSolutionNode = FALSE
	EndGlobalSection
	GlobalSection(ExtensibilityGlobals) = postSolution
		SolutionGuid = {A72E33FE-421E-40AA-85AC-57BE6793D8CA}
	EndGlobalSection
EndGlobal
