
Microsoft Visual Studio Solution File, Format Version 12.00
# Visual Studio Version 17
VisualStudioVersion = 17.3.32901.215
MinimumVisualStudioVersion = 10.0.40219.1
Project("{FAE04EC0-301F-11D3-BF4B-00C04F79EFBC}") = "ExercicioFixacao_Interfaces", "ExercicioFixacao_Interfaces.csproj", "{BCFDE1E0-7A5B-4DD8-922B-E04910483B71}"
EndProject
Global
	GlobalSection(SolutionConfigurationPlatforms) = preSolution
		Debug|Any CPU = Debug|Any CPU
		Release|Any CPU = Release|Any CPU
	EndGlobalSection
	GlobalSection(ProjectConfigurationPlatforms) = postSolution
		{BCFDE1E0-7A5B-4DD8-922B-E04910483B71}.Debug|Any CPU.ActiveCfg = Debug|Any CPU
		{BCFDE1E0-7A5B-4DD8-922B-E04910483B71}.Debug|Any CPU.Build.0 = Debug|Any CPU
		{BCFDE1E0-7A5B-4DD8-922B-E04910483B71}.Release|Any CPU.ActiveCfg = Release|Any CPU
		{BCFDE1E0-7A5B-4DD8-922B-E04910483B71}.Release|Any CPU.Build.0 = Release|Any CPU
	EndGlobalSection
	GlobalSection(SolutionProperties) = preSolution
		HideSolutionNode = FALSE
	EndGlobalSection
	GlobalSection(ExtensibilityGlobals) = postSolution
		SolutionGuid = {7912FA11-4853-4605-9051-379A1BAEC110}
	EndGlobalSection
EndGlobal
