
Microsoft Visual Studio Solution File, Format Version 12.00
# Visual Studio Version 17
VisualStudioVersion = 17.3.32901.215
MinimumVisualStudioVersion = 10.0.40219.1
Project("{FAE04EC0-301F-11D3-BF4B-00C04F79EFBC}") = "Exercicio1_Metodos_Abstratos", "Exercicio1_Metodos_Abstratos\Exercicio1_Metodos_Abstratos.csproj", "{B7AF7DA2-4285-43D0-829C-D29577D223EE}"
EndProject
Global
	GlobalSection(SolutionConfigurationPlatforms) = preSolution
		Debug|Any CPU = Debug|Any CPU
		Release|Any CPU = Release|Any CPU
	EndGlobalSection
	GlobalSection(ProjectConfigurationPlatforms) = postSolution
		{B7AF7DA2-4285-43D0-829C-D29577D223EE}.Debug|Any CPU.ActiveCfg = Debug|Any CPU
		{B7AF7DA2-4285-43D0-829C-D29577D223EE}.Debug|Any CPU.Build.0 = Debug|Any CPU
		{B7AF7DA2-4285-43D0-829C-D29577D223EE}.Release|Any CPU.ActiveCfg = Release|Any CPU
		{B7AF7DA2-4285-43D0-829C-D29577D223EE}.Release|Any CPU.Build.0 = Release|Any CPU
	EndGlobalSection
	GlobalSection(SolutionProperties) = preSolution
		HideSolutionNode = FALSE
	EndGlobalSection
	GlobalSection(ExtensibilityGlobals) = postSolution
		SolutionGuid = {D6FBEC98-3578-4501-BE69-87607BD647B5}
	EndGlobalSection
EndGlobal
