
Microsoft Visual Studio Solution File, Format Version 12.00
# Visual Studio Version 17
VisualStudioVersion = 17.3.32901.215
MinimumVisualStudioVersion = 10.0.40219.1
Project("{FAE04EC0-301F-11D3-BF4B-00C04F79EFBC}") = "ExercicioFixacao_MetodosAbstratos", "ExercicioFixacao_MetodosAbstratos\ExercicioFixacao_MetodosAbstratos.csproj", "{99C41EA8-DD47-4033-8AC7-E023BCCBFF15}"
EndProject
Global
	GlobalSection(SolutionConfigurationPlatforms) = preSolution
		Debug|Any CPU = Debug|Any CPU
		Release|Any CPU = Release|Any CPU
	EndGlobalSection
	GlobalSection(ProjectConfigurationPlatforms) = postSolution
		{99C41EA8-DD47-4033-8AC7-E023BCCBFF15}.Debug|Any CPU.ActiveCfg = Debug|Any CPU
		{99C41EA8-DD47-4033-8AC7-E023BCCBFF15}.Debug|Any CPU.Build.0 = Debug|Any CPU
		{99C41EA8-DD47-4033-8AC7-E023BCCBFF15}.Release|Any CPU.ActiveCfg = Release|Any CPU
		{99C41EA8-DD47-4033-8AC7-E023BCCBFF15}.Release|Any CPU.Build.0 = Release|Any CPU
	EndGlobalSection
	GlobalSection(SolutionProperties) = preSolution
		HideSolutionNode = FALSE
	EndGlobalSection
	GlobalSection(ExtensibilityGlobals) = postSolution
		SolutionGuid = {3564B757-BF64-4145-95C5-91C1E21A7974}
	EndGlobalSection
EndGlobal
