
Microsoft Visual Studio Solution File, Format Version 12.00
# Visual Studio Version 17
VisualStudioVersion = 17.3.32901.215
MinimumVisualStudioVersion = 10.0.40219.1
Project("{FAE04EC0-301F-11D3-BF4B-00C04F79EFBC}") = "Bloco_Try_Catch_Finally", "Bloco_Try_Catch\Bloco_Try_Catch_Finally.csproj", "{DB6DA5AA-B207-42B1-9806-A624516B0B4F}"
EndProject
Global
	GlobalSection(SolutionConfigurationPlatforms) = preSolution
		Debug|Any CPU = Debug|Any CPU
		Release|Any CPU = Release|Any CPU
	EndGlobalSection
	GlobalSection(ProjectConfigurationPlatforms) = postSolution
		{DB6DA5AA-B207-42B1-9806-A624516B0B4F}.Debug|Any CPU.ActiveCfg = Debug|Any CPU
		{DB6DA5AA-B207-42B1-9806-A624516B0B4F}.Debug|Any CPU.Build.0 = Debug|Any CPU
		{DB6DA5AA-B207-42B1-9806-A624516B0B4F}.Release|Any CPU.ActiveCfg = Release|Any CPU
		{DB6DA5AA-B207-42B1-9806-A624516B0B4F}.Release|Any CPU.Build.0 = Release|Any CPU
	EndGlobalSection
	GlobalSection(SolutionProperties) = preSolution
		HideSolutionNode = FALSE
	EndGlobalSection
	GlobalSection(ExtensibilityGlobals) = postSolution
		SolutionGuid = {F7A41B1A-4C22-436F-A6F8-429C24463010}
	EndGlobalSection
EndGlobal
