
Microsoft Visual Studio Solution File, Format Version 12.00
# Visual Studio Version 17
VisualStudioVersion = 17.3.32901.215
MinimumVisualStudioVersion = 10.0.40219.1
Project("{FAE04EC0-301F-11D3-BF4B-00C04F79EFBC}") = "Excecao_Personalizada", "Excecao_Personalizada\Excecao_Personalizada.csproj", "{3EFD1C99-1D8B-45C9-A048-1CAEB8E87131}"
EndProject
Global
	GlobalSection(SolutionConfigurationPlatforms) = preSolution
		Debug|Any CPU = Debug|Any CPU
		Release|Any CPU = Release|Any CPU
	EndGlobalSection
	GlobalSection(ProjectConfigurationPlatforms) = postSolution
		{3EFD1C99-1D8B-45C9-A048-1CAEB8E87131}.Debug|Any CPU.ActiveCfg = Debug|Any CPU
		{3EFD1C99-1D8B-45C9-A048-1CAEB8E87131}.Debug|Any CPU.Build.0 = Debug|Any CPU
		{3EFD1C99-1D8B-45C9-A048-1CAEB8E87131}.Release|Any CPU.ActiveCfg = Release|Any CPU
		{3EFD1C99-1D8B-45C9-A048-1CAEB8E87131}.Release|Any CPU.Build.0 = Release|Any CPU
	EndGlobalSection
	GlobalSection(SolutionProperties) = preSolution
		HideSolutionNode = FALSE
	EndGlobalSection
	GlobalSection(ExtensibilityGlobals) = postSolution
		SolutionGuid = {5C9432C3-3C94-45FB-883B-769DE7E7C49A}
	EndGlobalSection
EndGlobal
