
Microsoft Visual Studio Solution File, Format Version 12.00
# Visual Studio Version 17
VisualStudioVersion = 17.3.32901.215
MinimumVisualStudioVersion = 10.0.40219.1
Project("{FAE04EC0-301F-11D3-BF4B-00C04F79EFBC}") = "LINQ", "LINQ.csproj", "{1730E2C6-579B-4195-9D82-0B4336EF105C}"
EndProject
Global
	GlobalSection(SolutionConfigurationPlatforms) = preSolution
		Debug|Any CPU = Debug|Any CPU
		Release|Any CPU = Release|Any CPU
	EndGlobalSection
	GlobalSection(ProjectConfigurationPlatforms) = postSolution
		{1730E2C6-579B-4195-9D82-0B4336EF105C}.Debug|Any CPU.ActiveCfg = Debug|Any CPU
		{1730E2C6-579B-4195-9D82-0B4336EF105C}.Debug|Any CPU.Build.0 = Debug|Any CPU
		{1730E2C6-579B-4195-9D82-0B4336EF105C}.Release|Any CPU.ActiveCfg = Release|Any CPU
		{1730E2C6-579B-4195-9D82-0B4336EF105C}.Release|Any CPU.Build.0 = Release|Any CPU
	EndGlobalSection
	GlobalSection(SolutionProperties) = preSolution
		HideSolutionNode = FALSE
	EndGlobalSection
	GlobalSection(ExtensibilityGlobals) = postSolution
		SolutionGuid = {5A6BB6F9-F820-43B9-9B06-917AAB9EF0E1}
	EndGlobalSection
EndGlobal
