
Microsoft Visual Studio Solution File, Format Version 12.00
# Visual Studio Version 17
VisualStudioVersion = 17.3.32811.315
MinimumVisualStudioVersion = 10.0.40219.1
Project("{FAE04EC0-301F-11D3-BF4B-00C04F79EFBC}") = "ExercicioFixacao_Enum_Composicao", "ExercicioFixacao_Enum_Composicao\ExercicioFixacao_Enum_Composicao.csproj", "{B9508178-5533-48EF-B0F2-F09419D44A4D}"
EndProject
Global
	GlobalSection(SolutionConfigurationPlatforms) = preSolution
		Debug|Any CPU = Debug|Any CPU
		Release|Any CPU = Release|Any CPU
	EndGlobalSection
	GlobalSection(ProjectConfigurationPlatforms) = postSolution
		{B9508178-5533-48EF-B0F2-F09419D44A4D}.Debug|Any CPU.ActiveCfg = Debug|Any CPU
		{B9508178-5533-48EF-B0F2-F09419D44A4D}.Debug|Any CPU.Build.0 = Debug|Any CPU
		{B9508178-5533-48EF-B0F2-F09419D44A4D}.Release|Any CPU.ActiveCfg = Release|Any CPU
		{B9508178-5533-48EF-B0F2-F09419D44A4D}.Release|Any CPU.Build.0 = Release|Any CPU
	EndGlobalSection
	GlobalSection(SolutionProperties) = preSolution
		HideSolutionNode = FALSE
	EndGlobalSection
	GlobalSection(ExtensibilityGlobals) = postSolution
		SolutionGuid = {6AC64415-0F2E-46D2-83BF-A368FE1B8B48}
	EndGlobalSection
EndGlobal
