
Microsoft Visual Studio Solution File, Format Version 12.00
# Visual Studio Version 17
VisualStudioVersion = 17.3.32901.215
MinimumVisualStudioVersion = 10.0.40219.1
Project("{FAE04EC0-301F-11D3-BF4B-00C04F79EFBC}") = "Generics_Set_Dictionary", "Generics_Set_Dictionary\Generics_Set_Dictionary.csproj", "{589F3425-D742-42F8-BD9A-1C5A782EC8A0}"
EndProject
Global
	GlobalSection(SolutionConfigurationPlatforms) = preSolution
		Debug|Any CPU = Debug|Any CPU
		Release|Any CPU = Release|Any CPU
	EndGlobalSection
	GlobalSection(ProjectConfigurationPlatforms) = postSolution
		{589F3425-D742-42F8-BD9A-1C5A782EC8A0}.Debug|Any CPU.ActiveCfg = Debug|Any CPU
		{589F3425-D742-42F8-BD9A-1C5A782EC8A0}.Debug|Any CPU.Build.0 = Debug|Any CPU
		{589F3425-D742-42F8-BD9A-1C5A782EC8A0}.Release|Any CPU.ActiveCfg = Release|Any CPU
		{589F3425-D742-42F8-BD9A-1C5A782EC8A0}.Release|Any CPU.Build.0 = Release|Any CPU
	EndGlobalSection
	GlobalSection(SolutionProperties) = preSolution
		HideSolutionNode = FALSE
	EndGlobalSection
	GlobalSection(ExtensibilityGlobals) = postSolution
		SolutionGuid = {C54D665C-D694-4A66-83D9-DF8CB3FF3EB2}
	EndGlobalSection
EndGlobal
