
Microsoft Visual Studio Solution File, Format Version 12.00
# Visual Studio Version 17
VisualStudioVersion = 17.3.32901.215
MinimumVisualStudioVersion = 10.0.40219.1
Project("{FAE04EC0-301F-11D3-BF4B-00C04F79EFBC}") = "Exercicio1_Heranca_Polimorfismo", "Exercicio1_Heranca_Polimorfismo\Exercicio1_Heranca_Polimorfismo.csproj", "{353E1FC4-D6E6-4370-831F-70C5D8CDF5DF}"
EndProject
Global
	GlobalSection(SolutionConfigurationPlatforms) = preSolution
		Debug|Any CPU = Debug|Any CPU
		Release|Any CPU = Release|Any CPU
	EndGlobalSection
	GlobalSection(ProjectConfigurationPlatforms) = postSolution
		{353E1FC4-D6E6-4370-831F-70C5D8CDF5DF}.Debug|Any CPU.ActiveCfg = Debug|Any CPU
		{353E1FC4-D6E6-4370-831F-70C5D8CDF5DF}.Debug|Any CPU.Build.0 = Debug|Any CPU
		{353E1FC4-D6E6-4370-831F-70C5D8CDF5DF}.Release|Any CPU.ActiveCfg = Release|Any CPU
		{353E1FC4-D6E6-4370-831F-70C5D8CDF5DF}.Release|Any CPU.Build.0 = Release|Any CPU
	EndGlobalSection
	GlobalSection(SolutionProperties) = preSolution
		HideSolutionNode = FALSE
	EndGlobalSection
	GlobalSection(ExtensibilityGlobals) = postSolution
		SolutionGuid = {3A279E61-C92C-4F8E-8ABF-18A327A1EF6D}
	EndGlobalSection
EndGlobal
