
Microsoft Visual Studio Solution File, Format Version 12.00
# Visual Studio Version 17
VisualStudioVersion = 17.3.32811.315
MinimumVisualStudioVersion = 10.0.40219.1
Project("{FAE04EC0-301F-11D3-BF4B-00C04F79EFBC}") = "TopicosEspeciaisEmCSharp", "TopicosEspeciaisEmCSharp\TopicosEspeciaisEmCSharp.csproj", "{AC787D88-CCF4-4100-850C-9C5E853BF10C}"
EndProject
Global
	GlobalSection(SolutionConfigurationPlatforms) = preSolution
		Debug|Any CPU = Debug|Any CPU
		Release|Any CPU = Release|Any CPU
	EndGlobalSection
	GlobalSection(ProjectConfigurationPlatforms) = postSolution
		{AC787D88-CCF4-4100-850C-9C5E853BF10C}.Debug|Any CPU.ActiveCfg = Debug|Any CPU
		{AC787D88-CCF4-4100-850C-9C5E853BF10C}.Debug|Any CPU.Build.0 = Debug|Any CPU
		{AC787D88-CCF4-4100-850C-9C5E853BF10C}.Release|Any CPU.ActiveCfg = Release|Any CPU
		{AC787D88-CCF4-4100-850C-9C5E853BF10C}.Release|Any CPU.Build.0 = Release|Any CPU
	EndGlobalSection
	GlobalSection(SolutionProperties) = preSolution
		HideSolutionNode = FALSE
	EndGlobalSection
	GlobalSection(ExtensibilityGlobals) = postSolution
		SolutionGuid = {46748444-3183-4DB4-9F84-3B62C12A1A70}
	EndGlobalSection
EndGlobal
